
Microsoft Visual Studio Solution File, Format Version 12.00
Project("{FAE04EC0-301F-11D3-BF4B-00C04F79EFBC}") = "jurnal6", "jurnal6.csproj", "{FA5CBD21-3359-447F-BA2B-627461427764}"
EndProject
Global
	GlobalSection(SolutionConfigurationPlatforms) = preSolution
		Debug|Any CPU = Debug|Any CPU
		Release|Any CPU = Release|Any CPU
	EndGlobalSection
	GlobalSection(ProjectConfigurationPlatforms) = postSolution
		{FA5CBD21-3359-447F-BA2B-627461427764}.Debug|Any CPU.ActiveCfg = Debug|Any CPU
		{FA5CBD21-3359-447F-BA2B-627461427764}.Debug|Any CPU.Build.0 = Debug|Any CPU
		{FA5CBD21-3359-447F-BA2B-627461427764}.Release|Any CPU.ActiveCfg = Release|Any CPU
		{FA5CBD21-3359-447F-BA2B-627461427764}.Release|Any CPU.Build.0 = Release|Any CPU
	EndGlobalSection
EndGlobal
